// !$*UTF8*$!
{
	archiveVersion = 1;
	classes = {
	};
	objectVersion = 77;
	objects = {

/* Begin PBXBuildFile section */
		6121EE8A2F67155E00058511 /* README.md in Resources */ = {isa = PBXBuildFile; fileRef = 6121EE3B2F67155E00058511 /* README.md */; };
		614C5A422F4DD5E900AE3FF7 /* WidgetKit.framework in Frameworks */ = {isa = PBXBuildFile; fileRef = 614C5A232F4DD5C000AE3FF7 /* WidgetKit.framework */; };
		614C5A432F4DD5E900AE3FF7 /* SwiftUI.framework in Frameworks */ = {isa = PBXBuildFile; fileRef = 614C5A252F4DD5C000AE3FF7 /* SwiftUI.framework */; };
		614C5A502F4DD5EB00AE3FF7 /* WorkoutSaduWidgetExtension.appex in Embed Foundation Extensions */ = {isa = PBXBuildFile; fileRef = 614C5A412F4DD5E900AE3FF7 /* WorkoutSaduWidgetExtension.appex */; settings = {ATTRIBUTES = (RemoveHeadersOnCopy, ); }; };
		61BC01012F4DD7000072394A /* FirebaseAuth in Frameworks */ = {isa = PBXBuildFile; productRef = 61BC01032F4DD7000072394A /* FirebaseAuth */; };
		61BC01022F4DD7000072394A /* FirebaseStorage in Frameworks */ = {isa = PBXBuildFile; productRef = 61BC01042F4DD7000072394A /* FirebaseStorage */; };
		61C5CB012F4B70B60072394A /* FirebaseAI in Frameworks */ = {isa = PBXBuildFile; productRef = 61C5CB002F4B70B60072394A /* FirebaseAI */; };
		61C5CB032F4B70B60072394A /* FirebaseAILogic in Frameworks */ = {isa = PBXBuildFile; productRef = 61C5CB022F4B70B60072394A /* FirebaseAILogic */; };
		61C5CB052F4B70B60072394A /* FirebaseAnalytics in Frameworks */ = {isa = PBXBuildFile; productRef = 61C5CB042F4B70B60072394A /* FirebaseAnalytics */; };
		61C5CB072F4B70B60072394A /* FirebaseAnalyticsCore in Frameworks */ = {isa = PBXBuildFile; productRef = 61C5CB062F4B70B60072394A /* FirebaseAnalyticsCore */; };
		61C5CB092F4B70B60072394A /* FirebaseAnalyticsIdentitySupport in Frameworks */ = {isa = PBXBuildFile; productRef = 61C5CB082F4B70B60072394A /* FirebaseAnalyticsIdentitySupport */; };
		61C5CB0C2F4B75A70072394A /* GoogleGenerativeAI in Frameworks */ = {isa = PBXBuildFile; productRef = 61C5CB0B2F4B75A70072394A /* GoogleGenerativeAI */; };
		61SE40012F4DD6000072394A /* ShareReceiptExtension.appex in Embed Foundation Extensions */ = {isa = PBXBuildFile; fileRef = 61SE41012F4DD6000072394A /* ShareReceiptExtension.appex */; settings = {ATTRIBUTES = (RemoveHeadersOnCopy, ); }; };
/* End PBXBuildFile section */

/* Begin PBXContainerItemProxy section */
		6142BEED2F323E090079F840 /* PBXContainerItemProxy */ = {
			isa = PBXContainerItemProxy;
			containerPortal = 6142BED22F323E070079F840 /* Project object */;
			proxyType = 1;
			remoteGlobalIDString = 6142BED92F323E070079F840;
			remoteInfo = WorkoutSadu;
		};
		6142BEF72F323E0A0079F840 /* PBXContainerItemProxy */ = {
			isa = PBXContainerItemProxy;
			containerPortal = 6142BED22F323E070079F840 /* Project object */;
			proxyType = 1;
			remoteGlobalIDString = 6142BED92F323E070079F840;
			remoteInfo = WorkoutSadu;
		};
		614C5A4E2F4DD5EB00AE3FF7 /* PBXContainerItemProxy */ = {
			isa = PBXContainerItemProxy;
			containerPortal = 6142BED22F323E070079F840 /* Project object */;
			proxyType = 1;
			remoteGlobalIDString = 614C5A402F4DD5E900AE3FF7;
			remoteInfo = WorkoutSaduWidgetExtension;
		};
		61SE48012F4DD6000072394A /* PBXContainerItemProxy */ = {
			isa = PBXContainerItemProxy;
			containerPortal = 6142BED22F323E070079F840 /* Project object */;
			proxyType = 1;
			remoteGlobalIDString = 61SE43012F4DD6000072394A;
			remoteInfo = ShareReceiptExtension;
		};
/* End PBXContainerItemProxy section */

/* Begin PBXCopyFilesBuildPhase section */
		614C5A3C2F4DD5C200AE3FF7 /* Embed Foundation Extensions */ = {
			isa = PBXCopyFilesBuildPhase;
			buildActionMask = 2147483647;
			dstPath = "";
			dstSubfolderSpec = 13;
			files = (
				614C5A502F4DD5EB00AE3FF7 /* WorkoutSaduWidgetExtension.appex in Embed Foundation Extensions */,
				61SE40012F4DD6000072394A /* ShareReceiptExtension.appex in Embed Foundation Extensions */,
			);
			name = "Embed Foundation Extensions";
			runOnlyForDeploymentPostprocessing = 0;
		};
/* End PBXCopyFilesBuildPhase section */

/* Begin PBXFileReference section */
		6121EE3B2F67155E00058511 /* README.md */ = {isa = PBXFileReference; lastKnownFileType = net.daringfireball.markdown; path = README.md; sourceTree = "<group>"; };
		6142BEDA2F323E070079F840 /* WorkoutSadu.app */ = {isa = PBXFileReference; explicitFileType = wrapper.application; includeInIndex = 0; path = WorkoutSadu.app; sourceTree = BUILT_PRODUCTS_DIR; };
		6142BEEC2F323E090079F840 /* WorkoutSaduTests.xctest */ = {isa = PBXFileReference; explicitFileType = wrapper.cfbundle; includeInIndex = 0; path = WorkoutSaduTests.xctest; sourceTree = BUILT_PRODUCTS_DIR; };
		6142BEF62F323E0A0079F840 /* WorkoutSaduUITests.xctest */ = {isa = PBXFileReference; explicitFileType = wrapper.cfbundle; includeInIndex = 0; path = WorkoutSaduUITests.xctest; sourceTree = BUILT_PRODUCTS_DIR; };
		614C5A232F4DD5C000AE3FF7 /* WidgetKit.framework */ = {isa = PBXFileReference; lastKnownFileType = wrapper.framework; name = WidgetKit.framework; path = System/Library/Frameworks/WidgetKit.framework; sourceTree = SDKROOT; };
		614C5A252F4DD5C000AE3FF7 /* SwiftUI.framework */ = {isa = PBXFileReference; lastKnownFileType = wrapper.framework; name = SwiftUI.framework; path = System/Library/Frameworks/SwiftUI.framework; sourceTree = SDKROOT; };
		614C5A412F4DD5E900AE3FF7 /* WorkoutSaduWidgetExtension.appex */ = {isa = PBXFileReference; explicitFileType = "wrapper.app-extension"; includeInIndex = 0; path = WorkoutSaduWidgetExtension.appex; sourceTree = BUILT_PRODUCTS_DIR; };
		614C5A592F4DD60700AE3FF7 /* WorkoutSaduWidgetExtension.entitlements */ = {isa = PBXFileReference; lastKnownFileType = text.plist.entitlements; path = WorkoutSaduWidgetExtension.entitlements; sourceTree = "<group>"; };
		61SE41012F4DD6000072394A /* ShareReceiptExtension.appex */ = {isa = PBXFileReference; explicitFileType = "wrapper.app-extension"; includeInIndex = 0; path = ShareReceiptExtension.appex; sourceTree = BUILT_PRODUCTS_DIR; };
/* End PBXFileReference section */

/* Begin PBXFileSystemSynchronizedBuildFileExceptionSet section */
		614C5A512F4DD5EB00AE3FF7 /* Exceptions for "WorkoutSaduWidget" folder in "WorkoutSaduWidgetExtension" target */ = {
			isa = PBXFileSystemSynchronizedBuildFileExceptionSet;
			membershipExceptions = (
				Info.plist,
			);
			target = 614C5A402F4DD5E900AE3FF7 /* WorkoutSaduWidgetExtension */;
		};
		61SE51012F4DD6000072394A /* Exceptions for "ShareReceiptExtension" folder in "ShareReceiptExtension" target */ = {
			isa = PBXFileSystemSynchronizedBuildFileExceptionSet;
			membershipExceptions = (
				Info.plist,
			);
			target = 61SE43012F4DD6000072394A /* ShareReceiptExtension */;
		};
/* End PBXFileSystemSynchronizedBuildFileExceptionSet section */

/* Begin PBXFileSystemSynchronizedRootGroup section */
		6142BEDC2F323E070079F840 /* WorkoutSadu */ = {
			isa = PBXFileSystemSynchronizedRootGroup;
			path = WorkoutSadu;
			sourceTree = "<group>";
		};
		6142BEEF2F323E090079F840 /* WorkoutSaduTests */ = {
			isa = PBXFileSystemSynchronizedRootGroup;
			path = WorkoutSaduTests;
			sourceTree = "<group>";
		};
		6142BEF92F323E0A0079F840 /* WorkoutSaduUITests */ = {
			isa = PBXFileSystemSynchronizedRootGroup;
			path = WorkoutSaduUITests;
			sourceTree = "<group>";
		};
		614C5A442F4DD5E900AE3FF7 /* WorkoutSaduWidget */ = {
			isa = PBXFileSystemSynchronizedRootGroup;
			exceptions = (
				614C5A512F4DD5EB00AE3FF7 /* Exceptions for "WorkoutSaduWidget" folder in "WorkoutSaduWidgetExtension" target */,
			);
			path = WorkoutSaduWidget;
			sourceTree = "<group>";
		};
		61SE44012F4DD6000072394A /* ShareReceiptExtension */ = {
			isa = PBXFileSystemSynchronizedRootGroup;
			exceptions = (
				61SE51012F4DD6000072394A /* Exceptions for "ShareReceiptExtension" folder in "ShareReceiptExtension" target */,
			);
			path = ShareReceiptExtension;
			sourceTree = "<group>";
		};
/* End PBXFileSystemSynchronizedRootGroup section */

/* Begin PBXFrameworksBuildPhase section */
		6142BED72F323E070079F840 /* Frameworks */ = {
			isa = PBXFrameworksBuildPhase;
			buildActionMask = 2147483647;
			files = (
				61C5CB032F4B70B60072394A /* FirebaseAILogic in Frameworks */,
				61C5CB092F4B70B60072394A /* FirebaseAnalyticsIdentitySupport in Frameworks */,
				61C5CB012F4B70B60072394A /* FirebaseAI in Frameworks */,
				61C5CB0C2F4B75A70072394A /* GoogleGenerativeAI in Frameworks */,
				61BC01012F4DD7000072394A /* FirebaseAuth in Frameworks */,
				61BC01022F4DD7000072394A /* FirebaseStorage in Frameworks */,
				61C5CB052F4B70B60072394A /* FirebaseAnalytics in Frameworks */,
				61C5CB072F4B70B60072394A /* FirebaseAnalyticsCore in Frameworks */,
			);
			runOnlyForDeploymentPostprocessing = 0;
		};
		6142BEE92F323E090079F840 /* Frameworks */ = {
			isa = PBXFrameworksBuildPhase;
			buildActionMask = 2147483647;
			files = (
			);
			runOnlyForDeploymentPostprocessing = 0;
		};
		6142BEF32F323E0A0079F840 /* Frameworks */ = {
			isa = PBXFrameworksBuildPhase;
			buildActionMask = 2147483647;
			files = (
			);
			runOnlyForDeploymentPostprocessing = 0;
		};
		614C5A3E2F4DD5E900AE3FF7 /* Frameworks */ = {
			isa = PBXFrameworksBuildPhase;
			buildActionMask = 2147483647;
			files = (
				614C5A432F4DD5E900AE3FF7 /* SwiftUI.framework in Frameworks */,
				614C5A422F4DD5E900AE3FF7 /* WidgetKit.framework in Frameworks */,
			);
			runOnlyForDeploymentPostprocessing = 0;
		};
		61SE46012F4DD6000072394A /* Frameworks */ = {
			isa = PBXFrameworksBuildPhase;
			buildActionMask = 2147483647;
			files = (
			);
			runOnlyForDeploymentPostprocessing = 0;
		};
/* End PBXFrameworksBuildPhase section */

/* Begin PBXGroup section */
		6142BED12F323E070079F840 = {
			isa = PBXGroup;
			children = (
				6121EE3B2F67155E00058511 /* README.md */,
				614C5A592F4DD60700AE3FF7 /* WorkoutSaduWidgetExtension.entitlements */,
				6142BEDC2F323E070079F840 /* WorkoutSadu */,
				6142BEEF2F323E090079F840 /* WorkoutSaduTests */,
				6142BEF92F323E0A0079F840 /* WorkoutSaduUITests */,
				614C5A442F4DD5E900AE3FF7 /* WorkoutSaduWidget */,
				61SE44012F4DD6000072394A /* ShareReceiptExtension */,
				614C5A222F4DD5C000AE3FF7 /* Frameworks */,
				6142BEDB2F323E070079F840 /* Products */,
			);
			sourceTree = "<group>";
		};
		6142BEDB2F323E070079F840 /* Products */ = {
			isa = PBXGroup;
			children = (
				6142BEDA2F323E070079F840 /* WorkoutSadu.app */,
				6142BEEC2F323E090079F840 /* WorkoutSaduTests.xctest */,
				6142BEF62F323E0A0079F840 /* WorkoutSaduUITests.xctest */,
				614C5A412F4DD5E900AE3FF7 /* WorkoutSaduWidgetExtension.appex */,
				61SE41012F4DD6000072394A /* ShareReceiptExtension.appex */,
			);
			name = Products;
			sourceTree = "<group>";
		};
		614C5A222F4DD5C000AE3FF7 /* Frameworks */ = {
			isa = PBXGroup;
			children = (
				614C5A232F4DD5C000AE3FF7 /* WidgetKit.framework */,
				614C5A252F4DD5C000AE3FF7 /* SwiftUI.framework */,
			);
			name = Frameworks;
			sourceTree = "<group>";
		};
/* End PBXGroup section */

/* Begin PBXNativeTarget section */
		6142BED92F323E070079F840 /* WorkoutSadu */ = {
			isa = PBXNativeTarget;
			buildConfigurationList = 6142BF002F323E0A0079F840 /* Build configuration list for PBXNativeTarget "WorkoutSadu" */;
			buildPhases = (
				6142BED62F323E070079F840 /* Sources */,
				6142BED72F323E070079F840 /* Frameworks */,
				6142BED82F323E070079F840 /* Resources */,
				614C5A3C2F4DD5C200AE3FF7 /* Embed Foundation Extensions */,
			);
			buildRules = (
			);
			dependencies = (
				614C5A4F2F4DD5EB00AE3FF7 /* PBXTargetDependency */,
				61SE49012F4DD6000072394A /* PBXTargetDependency */,
			);
			fileSystemSynchronizedGroups = (
				6142BEDC2F323E070079F840 /* WorkoutSadu */,
			);
			name = WorkoutSadu;
			packageProductDependencies = (
				61C5CB002F4B70B60072394A /* FirebaseAI */,
				61C5CB022F4B70B60072394A /* FirebaseAILogic */,
				61C5CB042F4B70B60072394A /* FirebaseAnalytics */,
				61C5CB062F4B70B60072394A /* FirebaseAnalyticsCore */,
				61C5CB082F4B70B60072394A /* FirebaseAnalyticsIdentitySupport */,
				61BC01032F4DD7000072394A /* FirebaseAuth */,
				61BC01042F4DD7000072394A /* FirebaseStorage */,
				61C5CB0B2F4B75A70072394A /* GoogleGenerativeAI */,
			);
			productName = WorkoutSadu;
			productReference = 6142BEDA2F323E070079F840 /* WorkoutSadu.app */;
			productType = "com.apple.product-type.application";
		};
		6142BEEB2F323E090079F840 /* WorkoutSaduTests */ = {
			isa = PBXNativeTarget;
			buildConfigurationList = 6142BF032F323E0A0079F840 /* Build configuration list for PBXNativeTarget "WorkoutSaduTests" */;
			buildPhases = (
				6142BEE82F323E090079F840 /* Sources */,
				6142BEE92F323E090079F840 /* Frameworks */,
				6142BEEA2F323E090079F840 /* Resources */,
			);
			buildRules = (
			);
			dependencies = (
				6142BEEE2F323E090079F840 /* PBXTargetDependency */,
			);
			fileSystemSynchronizedGroups = (
				6142BEEF2F323E090079F840 /* WorkoutSaduTests */,
			);
			name = WorkoutSaduTests;
			packageProductDependencies = (
			);
			productName = WorkoutSaduTests;
			productReference = 6142BEEC2F323E090079F840 /* WorkoutSaduTests.xctest */;
			productType = "com.apple.product-type.bundle.unit-test";
		};
		6142BEF52F323E0A0079F840 /* WorkoutSaduUITests */ = {
			isa = PBXNativeTarget;
			buildConfigurationList = 6142BF062F323E0A0079F840 /* Build configuration list for PBXNativeTarget "WorkoutSaduUITests" */;
			buildPhases = (
				6142BEF22F323E0A0079F840 /* Sources */,
				6142BEF32F323E0A0079F840 /* Frameworks */,
				6142BEF42F323E0A0079F840 /* Resources */,
			);
			buildRules = (
			);
			dependencies = (
				6142BEF82F323E0A0079F840 /* PBXTargetDependency */,
			);
			fileSystemSynchronizedGroups = (
				6142BEF92F323E0A0079F840 /* WorkoutSaduUITests */,
			);
			name = WorkoutSaduUITests;
			packageProductDependencies = (
			);
			productName = WorkoutSaduUITests;
			productReference = 6142BEF62F323E0A0079F840 /* WorkoutSaduUITests.xctest */;
			productType = "com.apple.product-type.bundle.ui-testing";
		};
		614C5A402F4DD5E900AE3FF7 /* WorkoutSaduWidgetExtension */ = {
			isa = PBXNativeTarget;
			buildConfigurationList = 614C5A522F4DD5EB00AE3FF7 /* Build configuration list for PBXNativeTarget "WorkoutSaduWidgetExtension" */;
			buildPhases = (
				614C5A3D2F4DD5E900AE3FF7 /* Sources */,
				614C5A3E2F4DD5E900AE3FF7 /* Frameworks */,
				614C5A3F2F4DD5E900AE3FF7 /* Resources */,
			);
			buildRules = (
			);
			dependencies = (
			);
			fileSystemSynchronizedGroups = (
				614C5A442F4DD5E900AE3FF7 /* WorkoutSaduWidget */,
			);
			name = WorkoutSaduWidgetExtension;
			packageProductDependencies = (
			);
			productName = WorkoutSaduWidgetExtension;
			productReference = 614C5A412F4DD5E900AE3FF7 /* WorkoutSaduWidgetExtension.appex */;
			productType = "com.apple.product-type.app-extension";
		};
		61SE43012F4DD6000072394A /* ShareReceiptExtension */ = {
			isa = PBXNativeTarget;
			buildConfigurationList = 61SE4A012F4DD6000072394A /* Build configuration list for PBXNativeTarget "ShareReceiptExtension" */;
			buildPhases = (
				61SE45012F4DD6000072394A /* Sources */,
				61SE46012F4DD6000072394A /* Frameworks */,
				61SE47012F4DD6000072394A /* Resources */,
			);
			buildRules = (
			);
			dependencies = (
			);
			fileSystemSynchronizedGroups = (
				61SE44012F4DD6000072394A /* ShareReceiptExtension */,
			);
			name = ShareReceiptExtension;
			packageProductDependencies = (
			);
			productName = ShareReceiptExtension;
			productReference = 61SE41012F4DD6000072394A /* ShareReceiptExtension.appex */;
			productType = "com.apple.product-type.app-extension";
		};
/* End PBXNativeTarget section */

/* Begin PBXProject section */
		6142BED22F323E070079F840 /* Project object */ = {
			isa = PBXProject;
			attributes = {
				BuildIndependentTargetsInParallel = 1;
				LastSwiftUpdateCheck = 2610;
				LastUpgradeCheck = 2610;
				TargetAttributes = {
					6142BED92F323E070079F840 = {
						CreatedOnToolsVersion = 26.1;
					};
					6142BEEB2F323E090079F840 = {
						CreatedOnToolsVersion = 26.1;
						TestTargetID = 6142BED92F323E070079F840;
					};
					6142BEF52F323E0A0079F840 = {
						CreatedOnToolsVersion = 26.1;
						TestTargetID = 6142BED92F323E070079F840;
					};
					614C5A402F4DD5E900AE3FF7 = {
						CreatedOnToolsVersion = 26.1;
					};
					61SE43012F4DD6000072394A = {
						CreatedOnToolsVersion = 26.1;
					};
				};
			};
			buildConfigurationList = 6142BED52F323E070079F840 /* Build configuration list for PBXProject "WorkoutSadu" */;
			developmentRegion = en;
			hasScannedForEncodings = 0;
			knownRegions = (
				en,
				Base,
			);
			mainGroup = 6142BED12F323E070079F840;
			minimizedProjectReferenceProxies = 1;
			packageReferences = (
				61C5CAFF2F4B70B60072394A /* XCRemoteSwiftPackageReference "firebase-ios-sdk" */,
				61C5CB0A2F4B75A70072394A /* XCRemoteSwiftPackageReference "generative-ai-swift" */,
			);
			preferredProjectObjectVersion = 77;
			productRefGroup = 6142BEDB2F323E070079F840 /* Products */;
			projectDirPath = "";
			projectRoot = "";
			targets = (
				6142BED92F323E070079F840 /* WorkoutSadu */,
				6142BEEB2F323E090079F840 /* WorkoutSaduTests */,
				6142BEF52F323E0A0079F840 /* WorkoutSaduUITests */,
				614C5A402F4DD5E900AE3FF7 /* WorkoutSaduWidgetExtension */,
				61SE43012F4DD6000072394A /* ShareReceiptExtension */,
			);
		};
/* End PBXProject section */

/* Begin PBXResourcesBuildPhase section */
		6142BED82F323E070079F840 /* Resources */ = {
			isa = PBXResourcesBuildPhase;
			buildActionMask = 2147483647;
			files = (
				6121EE8A2F67155E00058511 /* README.md in Resources */,
			);
			runOnlyForDeploymentPostprocessing = 0;
		};
		6142BEEA2F323E090079F840 /* Resources */ = {
			isa = PBXResourcesBuildPhase;
			buildActionMask = 2147483647;
			files = (
			);
			runOnlyForDeploymentPostprocessing = 0;
		};
		6142BEF42F323E0A0079F840 /* Resources */ = {
			isa = PBXResourcesBuildPhase;
			buildActionMask = 2147483647;
			files = (
			);
			runOnlyForDeploymentPostprocessing = 0;
		};
		614C5A3F2F4DD5E900AE3FF7 /* Resources */ = {
			isa = PBXResourcesBuildPhase;
			buildActionMask = 2147483647;
			files = (
			);
			runOnlyForDeploymentPostprocessing = 0;
		};
		61SE47012F4DD6000072394A /* Resources */ = {
			isa = PBXResourcesBuildPhase;
			buildActionMask = 2147483647;
			files = (
			);
			runOnlyForDeploymentPostprocessing = 0;
		};
/* End PBXResourcesBuildPhase section */

/* Begin PBXSourcesBuildPhase section */
		6142BED62F323E070079F840 /* Sources */ = {
			isa = PBXSourcesBuildPhase;
			buildActionMask = 2147483647;
			files = (
			);
			runOnlyForDeploymentPostprocessing = 0;
		};
		6142BEE82F323E090079F840 /* Sources */ = {
			isa = PBXSourcesBuildPhase;
			buildActionMask = 2147483647;
			files = (
			);
			runOnlyForDeploymentPostprocessing = 0;
		};
		6142BEF22F323E0A0079F840 /* Sources */ = {
			isa = PBXSourcesBuildPhase;
			buildActionMask = 2147483647;
			files = (
			);
			runOnlyForDeploymentPostprocessing = 0;
		};
		614C5A3D2F4DD5E900AE3FF7 /* Sources */ = {
			isa = PBXSourcesBuildPhase;
			buildActionMask = 2147483647;
			files = (
			);
			runOnlyForDeploymentPostprocessing = 0;
		};
		61SE45012F4DD6000072394A /* Sources */ = {
			isa = PBXSourcesBuildPhase;
			buildActionMask = 2147483647;
			files = (
			);
			runOnlyForDeploymentPostprocessing = 0;
		};
/* End PBXSourcesBuildPhase section */

/* Begin PBXTargetDependency section */
		6142BEEE2F323E090079F840 /* PBXTargetDependency */ = {
			isa = PBXTargetDependency;
			target = 6142BED92F323E070079F840 /* WorkoutSadu */;
			targetProxy = 6142BEED2F323E090079F840 /* PBXContainerItemProxy */;
		};
		6142BEF82F323E0A0079F840 /* PBXTargetDependency */ = {
			isa = PBXTargetDependency;
			target = 6142BED92F323E070079F840 /* WorkoutSadu */;
			targetProxy = 6142BEF72F323E0A0079F840 /* PBXContainerItemProxy */;
		};
		614C5A4F2F4DD5EB00AE3FF7 /* PBXTargetDependency */ = {
			isa = PBXTargetDependency;
			target = 614C5A402F4DD5E900AE3FF7 /* WorkoutSaduWidgetExtension */;
			targetProxy = 614C5A4E2F4DD5EB00AE3FF7 /* PBXContainerItemProxy */;
		};
		61SE49012F4DD6000072394A /* PBXTargetDependency */ = {
			isa = PBXTargetDependency;
			target = 61SE43012F4DD6000072394A /* ShareReceiptExtension */;
			targetProxy = 61SE48012F4DD6000072394A /* PBXContainerItemProxy */;
		};
/* End PBXTargetDependency section */

/* Begin XCBuildConfiguration section */
		6142BEFE2F323E0A0079F840 /* Debug */ = {
			isa = XCBuildConfiguration;
			buildSettings = {
				ALWAYS_SEARCH_USER_PATHS = NO;
				ASSETCATALOG_COMPILER_GENERATE_SWIFT_ASSET_SYMBOL_EXTENSIONS = YES;
				CLANG_ANALYZER_NONNULL = YES;
				CLANG_ANALYZER_NUMBER_OBJECT_CONVERSION = YES_AGGRESSIVE;
				CLANG_CXX_LANGUAGE_STANDARD = "gnu++20";
				CLANG_ENABLE_MODULES = YES;
				CLANG_ENABLE_OBJC_ARC = YES;
				CLANG_ENABLE_OBJC_WEAK = YES;
				CLANG_WARN_BLOCK_CAPTURE_AUTORELEASING = YES;
				CLANG_WARN_BOOL_CONVERSION = YES;
				CLANG_WARN_COMMA = YES;
				CLANG_WARN_CONSTANT_CONVERSION = YES;
				CLANG_WARN_DEPRECATED_OBJC_IMPLEMENTATIONS = YES;
				CLANG_WARN_DIRECT_OBJC_ISA_USAGE = YES_ERROR;
				CLANG_WARN_DOCUMENTATION_COMMENTS = YES;
				CLANG_WARN_EMPTY_BODY = YES;
				CLANG_WARN_ENUM_CONVERSION = YES;
				CLANG_WARN_INFINITE_RECURSION = YES;
				CLANG_WARN_INT_CONVERSION = YES;
				CLANG_WARN_NON_LITERAL_NULL_CONVERSION = YES;
				CLANG_WARN_OBJC_IMPLICIT_RETAIN_SELF = YES;
				CLANG_WARN_OBJC_LITERAL_CONVERSION = YES;
				CLANG_WARN_OBJC_ROOT_CLASS = YES_ERROR;
				CLANG_WARN_QUOTED_INCLUDE_IN_FRAMEWORK_HEADER = YES;
				CLANG_WARN_RANGE_LOOP_ANALYSIS = YES;
				CLANG_WARN_STRICT_PROTOTYPES = YES;
				CLANG_WARN_SUSPICIOUS_MOVE = YES;
				CLANG_WARN_UNGUARDED_AVAILABILITY = YES_AGGRESSIVE;
				CLANG_WARN_UNREACHABLE_CODE = YES;
				CLANG_WARN__DUPLICATE_METHOD_MATCH = YES;
				COPY_PHASE_STRIP = NO;
				DEBUG_INFORMATION_FORMAT = dwarf;
				DEVELOPMENT_TEAM = 8PRZ5T6DB3;
				ENABLE_STRICT_OBJC_MSGSEND = YES;
				ENABLE_TESTABILITY = YES;
				ENABLE_USER_SCRIPT_SANDBOXING = YES;
				GCC_C_LANGUAGE_STANDARD = gnu17;
				GCC_DYNAMIC_NO_PIC = NO;
				GCC_NO_COMMON_BLOCKS = YES;
				GCC_OPTIMIZATION_LEVEL = 0;
				GCC_PREPROCESSOR_DEFINITIONS = (
					"DEBUG=1",
					"$(inherited)",
				);
				GCC_WARN_64_TO_32_BIT_CONVERSION = YES;
				GCC_WARN_ABOUT_RETURN_TYPE = YES_ERROR;
				GCC_WARN_UNDECLARED_SELECTOR = YES;
				GCC_WARN_UNINITIALIZED_AUTOS = YES_AGGRESSIVE;
				GCC_WARN_UNUSED_FUNCTION = YES;
				GCC_WARN_UNUSED_VARIABLE = YES;
				IPHONEOS_DEPLOYMENT_TARGET = 26.1;
				LOCALIZATION_PREFERS_STRING_CATALOGS = YES;
				MTL_ENABLE_DEBUG_INFO = INCLUDE_SOURCE;
				MTL_FAST_MATH = YES;
				ONLY_ACTIVE_ARCH = YES;
				SDKROOT = iphoneos;
				SWIFT_ACTIVE_COMPILATION_CONDITIONS = "DEBUG $(inherited)";
				SWIFT_OPTIMIZATION_LEVEL = "-Onone";
			};
			name = Debug;
		};
		6142BEFF2F323E0A0079F840 /* Release */ = {
			isa = XCBuildConfiguration;
			buildSettings = {
				ALWAYS_SEARCH_USER_PATHS = NO;
				ASSETCATALOG_COMPILER_GENERATE_SWIFT_ASSET_SYMBOL_EXTENSIONS = YES;
				CLANG_ANALYZER_NONNULL = YES;
				CLANG_ANALYZER_NUMBER_OBJECT_CONVERSION = YES_AGGRESSIVE;
				CLANG_CXX_LANGUAGE_STANDARD = "gnu++20";
				CLANG_ENABLE_MODULES = YES;
				CLANG_ENABLE_OBJC_ARC = YES;
				CLANG_ENABLE_OBJC_WEAK = YES;
				CLANG_WARN_BLOCK_CAPTURE_AUTORELEASING = YES;
				CLANG_WARN_BOOL_CONVERSION = YES;
				CLANG_WARN_COMMA = YES;
				CLANG_WARN_CONSTANT_CONVERSION = YES;
				CLANG_WARN_DEPRECATED_OBJC_IMPLEMENTATIONS = YES;
				CLANG_WARN_DIRECT_OBJC_ISA_USAGE = YES_ERROR;
				CLANG_WARN_DOCUMENTATION_COMMENTS = YES;
				CLANG_WARN_EMPTY_BODY = YES;
				CLANG_WARN_ENUM_CONVERSION = YES;
				CLANG_WARN_INFINITE_RECURSION = YES;
				CLANG_WARN_INT_CONVERSION = YES;
				CLANG_WARN_NON_LITERAL_NULL_CONVERSION = YES;
				CLANG_WARN_OBJC_IMPLICIT_RETAIN_SELF = YES;
				CLANG_WARN_OBJC_LITERAL_CONVERSION = YES;
				CLANG_WARN_OBJC_ROOT_CLASS = YES_ERROR;
				CLANG_WARN_QUOTED_INCLUDE_IN_FRAMEWORK_HEADER = YES;
				CLANG_WARN_RANGE_LOOP_ANALYSIS = YES;
				CLANG_WARN_STRICT_PROTOTYPES = YES;
				CLANG_WARN_SUSPICIOUS_MOVE = YES;
				CLANG_WARN_UNGUARDED_AVAILABILITY = YES_AGGRESSIVE;
				CLANG_WARN_UNREACHABLE_CODE = YES;
				CLANG_WARN__DUPLICATE_METHOD_MATCH = YES;
				COPY_PHASE_STRIP = NO;
				DEBUG_INFORMATION_FORMAT = "dwarf-with-dsym";
				DEVELOPMENT_TEAM = 8PRZ5T6DB3;
				ENABLE_NS_ASSERTIONS = NO;
				ENABLE_STRICT_OBJC_MSGSEND = YES;
				ENABLE_USER_SCRIPT_SANDBOXING = YES;
				GCC_C_LANGUAGE_STANDARD = gnu17;
				GCC_NO_COMMON_BLOCKS = YES;
				GCC_WARN_64_TO_32_BIT_CONVERSION = YES;
				GCC_WARN_ABOUT_RETURN_TYPE = YES_ERROR;
				GCC_WARN_UNDECLARED_SELECTOR = YES;
				GCC_WARN_UNINITIALIZED_AUTOS = YES_AGGRESSIVE;
				GCC_WARN_UNUSED_FUNCTION = YES;
				GCC_WARN_UNUSED_VARIABLE = YES;
				IPHONEOS_DEPLOYMENT_TARGET = 26.1;
				LOCALIZATION_PREFERS_STRING_CATALOGS = YES;
				MTL_ENABLE_DEBUG_INFO = NO;
				MTL_FAST_MATH = YES;
				SDKROOT = iphoneos;
				SWIFT_COMPILATION_MODE = wholemodule;
				VALIDATE_PRODUCT = YES;
			};
			name = Release;
		};
		6142BF012F323E0A0079F840 /* Debug */ = {
			isa = XCBuildConfiguration;
			buildSettings = {
				ASSETCATALOG_COMPILER_APPICON_NAME = AppIcon;
				ASSETCATALOG_COMPILER_GLOBAL_ACCENT_COLOR_NAME = AccentColor;
				CODE_SIGN_ENTITLEMENTS = WorkoutSadu/WorkoutSadu.entitlements;
				CODE_SIGN_STYLE = Automatic;
				CURRENT_PROJECT_VERSION = 1;
				DEVELOPMENT_TEAM = 8PRZ5T6DB3;
				ENABLE_PREVIEWS = YES;
				GENERATE_INFOPLIST_FILE = YES;
				INFOPLIST_KEY_CFBundleDisplayName = SADU;
				INFOPLIST_KEY_NSCameraUsageDescription = "Камера используется для сканирования чеков и фото упражнений";
				INFOPLIST_KEY_NSMicrophoneUsageDescription = "Микрофон используется для голосового ввода транзакций";
				INFOPLIST_KEY_NSSpeechRecognitionUsageDescription = "Распознавание речи для голосового ввода транзакций";
				INFOPLIST_KEY_UIApplicationSceneManifest_Generation = YES;
				INFOPLIST_KEY_UIApplicationSupportsIndirectInputEvents = YES;
				INFOPLIST_KEY_UILaunchScreen_Generation = YES;
				INFOPLIST_KEY_UISupportedInterfaceOrientations_iPad = "UIInterfaceOrientationPortrait UIInterfaceOrientationPortraitUpsideDown UIInterfaceOrientationLandscapeLeft UIInterfaceOrientationLandscapeRight";
				INFOPLIST_KEY_UISupportedInterfaceOrientations_iPhone = "UIInterfaceOrientationPortrait UIInterfaceOrientationLandscapeLeft UIInterfaceOrientationLandscapeRight";
				LD_RUNPATH_SEARCH_PATHS = (
					"$(inherited)",
					"@executable_path/Frameworks",
				);
				MARKETING_VERSION = 1.0;
				PRODUCT_BUNDLE_IDENTIFIER = com.saduwka.Workout;
				PRODUCT_NAME = "$(TARGET_NAME)";
				STRING_CATALOG_GENERATE_SYMBOLS = YES;
				SWIFT_APPROACHABLE_CONCURRENCY = YES;
				SWIFT_DEFAULT_ACTOR_ISOLATION = MainActor;
				SWIFT_EMIT_LOC_STRINGS = YES;
				SWIFT_UPCOMING_FEATURE_MEMBER_IMPORT_VISIBILITY = YES;
				SWIFT_VERSION = 5.0;
				TARGETED_DEVICE_FAMILY = "1,2";
			};
			name = Debug;
		};
		6142BF022F323E0A0079F840 /* Release */ = {
			isa = XCBuildConfiguration;
			buildSettings = {
				ASSETCATALOG_COMPILER_APPICON_NAME = AppIcon;
				ASSETCATALOG_COMPILER_GLOBAL_ACCENT_COLOR_NAME = AccentColor;
				CODE_SIGN_ENTITLEMENTS = WorkoutSadu/WorkoutSadu.entitlements;
				CODE_SIGN_STYLE = Automatic;
				CURRENT_PROJECT_VERSION = 1;
				DEVELOPMENT_TEAM = 8PRZ5T6DB3;
				ENABLE_PREVIEWS = YES;
				GENERATE_INFOPLIST_FILE = YES;
				INFOPLIST_KEY_CFBundleDisplayName = SADU;
				INFOPLIST_KEY_NSCameraUsageDescription = "Камера используется для сканирования чеков и фото упражнений";
				INFOPLIST_KEY_NSMicrophoneUsageDescription = "Микрофон используется для голосового ввода транзакций";
				INFOPLIST_KEY_NSSpeechRecognitionUsageDescription = "Распознавание речи для голосового ввода транзакций";
				INFOPLIST_KEY_UIApplicationSceneManifest_Generation = YES;
				INFOPLIST_KEY_UIApplicationSupportsIndirectInputEvents = YES;
				INFOPLIST_KEY_UILaunchScreen_Generation = YES;
				INFOPLIST_KEY_UISupportedInterfaceOrientations_iPad = "UIInterfaceOrientationPortrait UIInterfaceOrientationPortraitUpsideDown UIInterfaceOrientationLandscapeLeft UIInterfaceOrientationLandscapeRight";
				INFOPLIST_KEY_UISupportedInterfaceOrientations_iPhone = "UIInterfaceOrientationPortrait UIInterfaceOrientationLandscapeLeft UIInterfaceOrientationLandscapeRight";
				LD_RUNPATH_SEARCH_PATHS = (
					"$(inherited)",
					"@executable_path/Frameworks",
				);
				MARKETING_VERSION = 1.0;
				PRODUCT_BUNDLE_IDENTIFIER = com.saduwka.Workout;
				PRODUCT_NAME = "$(TARGET_NAME)";
				STRING_CATALOG_GENERATE_SYMBOLS = YES;
				SWIFT_APPROACHABLE_CONCURRENCY = YES;
				SWIFT_DEFAULT_ACTOR_ISOLATION = MainActor;
				SWIFT_EMIT_LOC_STRINGS = YES;
				SWIFT_UPCOMING_FEATURE_MEMBER_IMPORT_VISIBILITY = YES;
				SWIFT_VERSION = 5.0;
				TARGETED_DEVICE_FAMILY = "1,2";
			};
			name = Release;
		};
		6142BF042F323E0A0079F840 /* Debug */ = {
			isa = XCBuildConfiguration;
			buildSettings = {
				BUNDLE_LOADER = "$(TEST_HOST)";
				CODE_SIGN_STYLE = Automatic;
				CURRENT_PROJECT_VERSION = 1;
				DEVELOPMENT_TEAM = 8PRZ5T6DB3;
				GENERATE_INFOPLIST_FILE = YES;
				IPHONEOS_DEPLOYMENT_TARGET = 26.1;
				MARKETING_VERSION = 1.0;
				PRODUCT_BUNDLE_IDENTIFIER = "-23.WorkoutSaduTests";
				PRODUCT_NAME = "$(TARGET_NAME)";
				STRING_CATALOG_GENERATE_SYMBOLS = NO;
				SWIFT_APPROACHABLE_CONCURRENCY = YES;
				SWIFT_EMIT_LOC_STRINGS = NO;
				SWIFT_UPCOMING_FEATURE_MEMBER_IMPORT_VISIBILITY = YES;
				SWIFT_VERSION = 5.0;
				TARGETED_DEVICE_FAMILY = "1,2";
				TEST_HOST = "$(BUILT_PRODUCTS_DIR)/WorkoutSadu.app/$(BUNDLE_EXECUTABLE_FOLDER_PATH)/WorkoutSadu";
			};
			name = Debug;
		};
		6142BF052F323E0A0079F840 /* Release */ = {
			isa = XCBuildConfiguration;
			buildSettings = {
				BUNDLE_LOADER = "$(TEST_HOST)";
				CODE_SIGN_STYLE = Automatic;
				CURRENT_PROJECT_VERSION = 1;
				DEVELOPMENT_TEAM = 8PRZ5T6DB3;
				GENERATE_INFOPLIST_FILE = YES;
				IPHONEOS_DEPLOYMENT_TARGET = 26.1;
				MARKETING_VERSION = 1.0;
				PRODUCT_BUNDLE_IDENTIFIER = "-23.WorkoutSaduTests";
				PRODUCT_NAME = "$(TARGET_NAME)";
				STRING_CATALOG_GENERATE_SYMBOLS = NO;
				SWIFT_APPROACHABLE_CONCURRENCY = YES;
				SWIFT_EMIT_LOC_STRINGS = NO;
				SWIFT_UPCOMING_FEATURE_MEMBER_IMPORT_VISIBILITY = YES;
				SWIFT_VERSION = 5.0;
				TARGETED_DEVICE_FAMILY = "1,2";
				TEST_HOST = "$(BUILT_PRODUCTS_DIR)/WorkoutSadu.app/$(BUNDLE_EXECUTABLE_FOLDER_PATH)/WorkoutSadu";
			};
			name = Release;
		};
		6142BF072F323E0A0079F840 /* Debug */ = {
			isa = XCBuildConfiguration;
			buildSettings = {
				CODE_SIGN_STYLE = Automatic;
				CURRENT_PROJECT_VERSION = 1;
				DEVELOPMENT_TEAM = 8PRZ5T6DB3;
				GENERATE_INFOPLIST_FILE = YES;
				MARKETING_VERSION = 1.0;
				PRODUCT_BUNDLE_IDENTIFIER = "-23.WorkoutSaduUITests";
				PRODUCT_NAME = "$(TARGET_NAME)";
				STRING_CATALOG_GENERATE_SYMBOLS = NO;
				SWIFT_APPROACHABLE_CONCURRENCY = YES;
				SWIFT_EMIT_LOC_STRINGS = NO;
				SWIFT_UPCOMING_FEATURE_MEMBER_IMPORT_VISIBILITY = YES;
				SWIFT_VERSION = 5.0;
				TARGETED_DEVICE_FAMILY = "1,2";
				TEST_TARGET_NAME = WorkoutSadu;
			};
			name = Debug;
		};
		6142BF082F323E0A0079F840 /* Release */ = {
			isa = XCBuildConfiguration;
			buildSettings = {
				CODE_SIGN_STYLE = Automatic;
				CURRENT_PROJECT_VERSION = 1;
				DEVELOPMENT_TEAM = 8PRZ5T6DB3;
				GENERATE_INFOPLIST_FILE = YES;
				MARKETING_VERSION = 1.0;
				PRODUCT_BUNDLE_IDENTIFIER = "-23.WorkoutSaduUITests";
				PRODUCT_NAME = "$(TARGET_NAME)";
				STRING_CATALOG_GENERATE_SYMBOLS = NO;
				SWIFT_APPROACHABLE_CONCURRENCY = YES;
				SWIFT_EMIT_LOC_STRINGS = NO;
				SWIFT_UPCOMING_FEATURE_MEMBER_IMPORT_VISIBILITY = YES;
				SWIFT_VERSION = 5.0;
				TARGETED_DEVICE_FAMILY = "1,2";
				TEST_TARGET_NAME = WorkoutSadu;
			};
			name = Release;
		};
		614C5A532F4DD5EB00AE3FF7 /* Debug */ = {
			isa = XCBuildConfiguration;
			buildSettings = {
				ASSETCATALOG_COMPILER_GLOBAL_ACCENT_COLOR_NAME = AccentColor;
				ASSETCATALOG_COMPILER_WIDGET_BACKGROUND_COLOR_NAME = WidgetBackground;
				CODE_SIGN_ENTITLEMENTS = WorkoutSaduWidgetExtension.entitlements;
				CODE_SIGN_STYLE = Automatic;
				CURRENT_PROJECT_VERSION = 1;
				DEVELOPMENT_TEAM = 8PRZ5T6DB3;
				GENERATE_INFOPLIST_FILE = YES;
				INFOPLIST_FILE = WorkoutSaduWidget/Info.plist;
				INFOPLIST_KEY_CFBundleDisplayName = WorkoutSaduWidget;
				INFOPLIST_KEY_NSHumanReadableCopyright = "";
				LD_RUNPATH_SEARCH_PATHS = (
					"$(inherited)",
					"@executable_path/Frameworks",
					"@executable_path/../../Frameworks",
				);
				MARKETING_VERSION = 1.0;
				PRODUCT_BUNDLE_IDENTIFIER = com.saduwka.Workout.WorkoutSaduWidget;
				PRODUCT_NAME = "$(TARGET_NAME)";
				SKIP_INSTALL = YES;
				STRING_CATALOG_GENERATE_SYMBOLS = YES;
				SWIFT_APPROACHABLE_CONCURRENCY = YES;
				SWIFT_EMIT_LOC_STRINGS = YES;
				SWIFT_UPCOMING_FEATURE_MEMBER_IMPORT_VISIBILITY = YES;
				SWIFT_VERSION = 5.0;
				TARGETED_DEVICE_FAMILY = "1,2";
			};
			name = Debug;
		};
		614C5A542F4DD5EB00AE3FF7 /* Release */ = {
			isa = XCBuildConfiguration;
			buildSettings = {
				ASSETCATALOG_COMPILER_GLOBAL_ACCENT_COLOR_NAME = AccentColor;
				ASSETCATALOG_COMPILER_WIDGET_BACKGROUND_COLOR_NAME = WidgetBackground;
				CODE_SIGN_ENTITLEMENTS = WorkoutSaduWidgetExtension.entitlements;
				CODE_SIGN_STYLE = Automatic;
				CURRENT_PROJECT_VERSION = 1;
				DEVELOPMENT_TEAM = 8PRZ5T6DB3;
				GENERATE_INFOPLIST_FILE = YES;
				INFOPLIST_FILE = WorkoutSaduWidget/Info.plist;
				INFOPLIST_KEY_CFBundleDisplayName = WorkoutSaduWidget;
				INFOPLIST_KEY_NSHumanReadableCopyright = "";
				LD_RUNPATH_SEARCH_PATHS = (
					"$(inherited)",
					"@executable_path/Frameworks",
					"@executable_path/../../Frameworks",
				);
				MARKETING_VERSION = 1.0;
				PRODUCT_BUNDLE_IDENTIFIER = com.saduwka.Workout.WorkoutSaduWidget;
				PRODUCT_NAME = "$(TARGET_NAME)";
				SKIP_INSTALL = YES;
				STRING_CATALOG_GENERATE_SYMBOLS = YES;
				SWIFT_APPROACHABLE_CONCURRENCY = YES;
				SWIFT_EMIT_LOC_STRINGS = YES;
				SWIFT_UPCOMING_FEATURE_MEMBER_IMPORT_VISIBILITY = YES;
				SWIFT_VERSION = 5.0;
				TARGETED_DEVICE_FAMILY = "1,2";
			};
			name = Release;
		};
		61SE4B012F4DD6000072394A /* Debug */ = {
			isa = XCBuildConfiguration;
			buildSettings = {
				CODE_SIGN_ENTITLEMENTS = ShareReceiptExtension/ShareReceiptExtension.entitlements;
				CODE_SIGN_STYLE = Automatic;
				CURRENT_PROJECT_VERSION = 1;
				DEVELOPMENT_TEAM = 8PRZ5T6DB3;
				GENERATE_INFOPLIST_FILE = YES;
				INFOPLIST_FILE = ShareReceiptExtension/Info.plist;
				INFOPLIST_KEY_CFBundleDisplayName = "Добавить в Деньги";
				INFOPLIST_KEY_NSHumanReadableCopyright = "";
				LD_RUNPATH_SEARCH_PATHS = (
					"$(inherited)",
					"@executable_path/Frameworks",
					"@executable_path/../../Frameworks",
				);
				MARKETING_VERSION = 1.0;
				PRODUCT_BUNDLE_IDENTIFIER = com.saduwka.Workout.ShareReceiptExtension;
				PRODUCT_NAME = "$(TARGET_NAME)";
				SKIP_INSTALL = YES;
				STRING_CATALOG_GENERATE_SYMBOLS = YES;
				SWIFT_APPROACHABLE_CONCURRENCY = YES;
				SWIFT_EMIT_LOC_STRINGS = YES;
				SWIFT_UPCOMING_FEATURE_MEMBER_IMPORT_VISIBILITY = YES;
				SWIFT_VERSION = 5.0;
				TARGETED_DEVICE_FAMILY = "1,2";
			};
			name = Debug;
		};
		61SE4C012F4DD6000072394A /* Release */ = {
			isa = XCBuildConfiguration;
			buildSettings = {
				CODE_SIGN_ENTITLEMENTS = ShareReceiptExtension/ShareReceiptExtension.entitlements;
				CODE_SIGN_STYLE = Automatic;
				CURRENT_PROJECT_VERSION = 1;
				DEVELOPMENT_TEAM = 8PRZ5T6DB3;
				GENERATE_INFOPLIST_FILE = YES;
				INFOPLIST_FILE = ShareReceiptExtension/Info.plist;
				INFOPLIST_KEY_CFBundleDisplayName = "Добавить в Деньги";
				INFOPLIST_KEY_NSHumanReadableCopyright = "";
				LD_RUNPATH_SEARCH_PATHS = (
					"$(inherited)",
					"@executable_path/Frameworks",
					"@executable_path/../../Frameworks",
				);
				MARKETING_VERSION = 1.0;
				PRODUCT_BUNDLE_IDENTIFIER = com.saduwka.Workout.ShareReceiptExtension;
				PRODUCT_NAME = "$(TARGET_NAME)";
				SKIP_INSTALL = YES;
				STRING_CATALOG_GENERATE_SYMBOLS = YES;
				SWIFT_APPROACHABLE_CONCURRENCY = YES;
				SWIFT_EMIT_LOC_STRINGS = YES;
				SWIFT_UPCOMING_FEATURE_MEMBER_IMPORT_VISIBILITY = YES;
				SWIFT_VERSION = 5.0;
				TARGETED_DEVICE_FAMILY = "1,2";
			};
			name = Release;
		};
/* End XCBuildConfiguration section */

/* Begin XCConfigurationList section */
		6142BED52F323E070079F840 /* Build configuration list for PBXProject "WorkoutSadu" */ = {
			isa = XCConfigurationList;
			buildConfigurations = (
				6142BEFE2F323E0A0079F840 /* Debug */,
				6142BEFF2F323E0A0079F840 /* Release */,
			);
			defaultConfigurationIsVisible = 0;
			defaultConfigurationName = Release;
		};
		6142BF002F323E0A0079F840 /* Build configuration list for PBXNativeTarget "WorkoutSadu" */ = {
			isa = XCConfigurationList;
			buildConfigurations = (
				6142BF012F323E0A0079F840 /* Debug */,
				6142BF022F323E0A0079F840 /* Release */,
			);
			defaultConfigurationIsVisible = 0;
			defaultConfigurationName = Release;
		};
		6142BF032F323E0A0079F840 /* Build configuration list for PBXNativeTarget "WorkoutSaduTests" */ = {
			isa = XCConfigurationList;
			buildConfigurations = (
				6142BF042F323E0A0079F840 /* Debug */,
				6142BF052F323E0A0079F840 /* Release */,
			);
			defaultConfigurationIsVisible = 0;
			defaultConfigurationName = Release;
		};
		6142BF062F323E0A0079F840 /* Build configuration list for PBXNativeTarget "WorkoutSaduUITests" */ = {
			isa = XCConfigurationList;
			buildConfigurations = (
				6142BF072F323E0A0079F840 /* Debug */,
				6142BF082F323E0A0079F840 /* Release */,
			);
			defaultConfigurationIsVisible = 0;
			defaultConfigurationName = Release;
		};
		614C5A522F4DD5EB00AE3FF7 /* Build configuration list for PBXNativeTarget "WorkoutSaduWidgetExtension" */ = {
			isa = XCConfigurationList;
			buildConfigurations = (
				614C5A532F4DD5EB00AE3FF7 /* Debug */,
				614C5A542F4DD5EB00AE3FF7 /* Release */,
			);
			defaultConfigurationIsVisible = 0;
			defaultConfigurationName = Release;
		};
		61SE4A012F4DD6000072394A /* Build configuration list for PBXNativeTarget "ShareReceiptExtension" */ = {
			isa = XCConfigurationList;
			buildConfigurations = (
				61SE4B012F4DD6000072394A /* Debug */,
				61SE4C012F4DD6000072394A /* Release */,
			);
			defaultConfigurationIsVisible = 0;
			defaultConfigurationName = Release;
		};
/* End XCConfigurationList section */

/* Begin XCRemoteSwiftPackageReference section */
		61C5CAFF2F4B70B60072394A /* XCRemoteSwiftPackageReference "firebase-ios-sdk" */ = {
			isa = XCRemoteSwiftPackageReference;
			repositoryURL = "https://github.com/firebase/firebase-ios-sdk";
			requirement = {
				kind = upToNextMajorVersion;
				minimumVersion = 12.9.0;
			};
		};
		61C5CB0A2F4B75A70072394A /* XCRemoteSwiftPackageReference "generative-ai-swift" */ = {
			isa = XCRemoteSwiftPackageReference;
			repositoryURL = "https://github.com/google/generative-ai-swift";
			requirement = {
				kind = upToNextMajorVersion;
				minimumVersion = 0.5.6;
			};
		};
/* End XCRemoteSwiftPackageReference section */

/* Begin XCSwiftPackageProductDependency section */
		61BC01032F4DD7000072394A /* FirebaseAuth */ = {
			isa = XCSwiftPackageProductDependency;
			package = 61C5CAFF2F4B70B60072394A /* XCRemoteSwiftPackageReference "firebase-ios-sdk" */;
			productName = FirebaseAuth;
		};
		61BC01042F4DD7000072394A /* FirebaseStorage */ = {
			isa = XCSwiftPackageProductDependency;
			package = 61C5CAFF2F4B70B60072394A /* XCRemoteSwiftPackageReference "firebase-ios-sdk" */;
			productName = FirebaseStorage;
		};
		61C5CB002F4B70B60072394A /* FirebaseAI */ = {
			isa = XCSwiftPackageProductDependency;
			package = 61C5CAFF2F4B70B60072394A /* XCRemoteSwiftPackageReference "firebase-ios-sdk" */;
			productName = FirebaseAI;
		};
		61C5CB022F4B70B60072394A /* FirebaseAILogic */ = {
			isa = XCSwiftPackageProductDependency;
			package = 61C5CAFF2F4B70B60072394A /* XCRemoteSwiftPackageReference "firebase-ios-sdk" */;
			productName = FirebaseAILogic;
		};
		61C5CB042F4B70B60072394A /* FirebaseAnalytics */ = {
			isa = XCSwiftPackageProductDependency;
			package = 61C5CAFF2F4B70B60072394A /* XCRemoteSwiftPackageReference "firebase-ios-sdk" */;
			productName = FirebaseAnalytics;
		};
		61C5CB062F4B70B60072394A /* FirebaseAnalyticsCore */ = {
			isa = XCSwiftPackageProductDependency;
			package = 61C5CAFF2F4B70B60072394A /* XCRemoteSwiftPackageReference "firebase-ios-sdk" */;
			productName = FirebaseAnalyticsCore;
		};
		61C5CB082F4B70B60072394A /* FirebaseAnalyticsIdentitySupport */ = {
			isa = XCSwiftPackageProductDependency;
			package = 61C5CAFF2F4B70B60072394A /* XCRemoteSwiftPackageReference "firebase-ios-sdk" */;
			productName = FirebaseAnalyticsIdentitySupport;
		};
		61C5CB0B2F4B75A70072394A /* GoogleGenerativeAI */ = {
			isa = XCSwiftPackageProductDependency;
			package = 61C5CB0A2F4B75A70072394A /* XCRemoteSwiftPackageReference "generative-ai-swift" */;
			productName = GoogleGenerativeAI;
		};
/* End XCSwiftPackageProductDependency section */
	};
	rootObject = 6142BED22F323E070079F840 /* Project object */;
}
